
Microsoft Visual Studio Solution File, Format Version 12.00
# Visual Studio Version 17
VisualStudioVersion = 17.5.002.0
MinimumVisualStudioVersion = 10.0.40219.1
Project("{9A19103F-16F7-4668-BE54-9A1E7A4F7556}") = "EmailGenerator", "EmailGenerator.csproj", "{7DFF9849-7237-4901-AF50-E5B6F2207AE2}"
EndProject
Global
	GlobalSection(SolutionConfigurationPlatforms) = preSolution
		Debug|Any CPU = Debug|Any CPU
		Release|Any CPU = Release|Any CPU
	EndGlobalSection
	GlobalSection(ProjectConfigurationPlatforms) = postSolution
		{7DFF9849-7237-4901-AF50-E5B6F2207AE2}.Debug|Any CPU.ActiveCfg = Debug|Any CPU
		{7DFF9849-7237-4901-AF50-E5B6F2207AE2}.Debug|Any CPU.Build.0 = Debug|Any CPU
		{7DFF9849-7237-4901-AF50-E5B6F2207AE2}.Release|Any CPU.ActiveCfg = Release|Any CPU
		{7DFF9849-7237-4901-AF50-E5B6F2207AE2}.Release|Any CPU.Build.0 = Release|Any CPU
	EndGlobalSection
	GlobalSection(SolutionProperties) = preSolution
		HideSolutionNode = FALSE
	EndGlobalSection
	GlobalSection(ExtensibilityGlobals) = postSolution
		SolutionGuid = {A4553026-DD16-4B19-B2CB-5A5301D2E5F1}
	EndGlobalSection
EndGlobal
